
Microsoft Visual Studio Solution File, Format Version 12.00
# Visual Studio 15
VisualStudioVersion = 15.0.28307.1622
MinimumVisualStudioVersion = 10.0.40219.1
Project("{888888A0-9F3D-457C-B088-3A5042F75D52}") = "auto_reflash_map", "auto_reflash_map\auto_reflash_map.pyproj", "{4A6A6033-914B-4907-9DB1-845B75034A89}"
EndProject
Global
	GlobalSection(SolutionConfigurationPlatforms) = preSolution
		Debug|Any CPU = Debug|Any CPU
		Release|Any CPU = Release|Any CPU
	EndGlobalSection
	GlobalSection(ProjectConfigurationPlatforms) = postSolution
		{4A6A6033-914B-4907-9DB1-845B75034A89}.Debug|Any CPU.ActiveCfg = Debug|Any CPU
		{4A6A6033-914B-4907-9DB1-845B75034A89}.Release|Any CPU.ActiveCfg = Release|Any CPU
	EndGlobalSection
	GlobalSection(SolutionProperties) = preSolution
		HideSolutionNode = FALSE
	EndGlobalSection
	GlobalSection(ExtensibilityGlobals) = postSolution
		SolutionGuid = {C0B0C9F9-C459-4471-A121-E6F6D09D96B7}
	EndGlobalSection
EndGlobal
